Microsoft Visual Studio Solution File, Format Version 12.00
# Visual Studio Version 17
VisualStudioVersion = 17.0.32126.317
MinimumVisualStudioVersion = 10.0.40219.1
Project("{9A19103F-16F7-4668-BE54-9A1E7A4F7556}") = "PleaseResync", "src\PleaseResync.csproj", "{4D1F82E8-B2BA-424D-BD11-6A537994DBD1}"
EndProject
Project("{9A19103F-16F7-4668-BE54-9A1E7A4F7556}") = "PleaseResync.Test", "tests\PleaseResync.Test.csproj", "{AC62CDA0-07E5-4FCB-A1C6-FACED0BBE979}"
EndProject
Project("{9A19103F-16F7-4668-BE54-9A1E7A4F7556}") = "PleaseResync.Perf", "perfs\PleaseResync.Perf.csproj", "{436D4730-D97D-4105-B4F7-A6C3E8E1B704}"
EndProject
Global
	GlobalSection(SolutionConfigurationPlatforms) = preSolution
		Debug|Any CPU = Debug|Any CPU
		Debug|x64 = Debug|x64
		Debug|x86 = Debug|x86
		Release|Any CPU = Release|Any CPU
		Release|x64 = Release|x64
		Release|x86 = Release|x86
	EndGlobalSection
	GlobalSection(ProjectConfigurationPlatforms) = postSolution
		{4D1F82E8-B2BA-424D-BD11-6A537994DBD1}.Debug|Any CPU.ActiveCfg = Debug|Any CPU
		{4D1F82E8-B2BA-424D-BD11-6A537994DBD1}.Debug|Any CPU.Build.0 = Debug|Any CPU
		{4D1F82E8-B2BA-424D-BD11-6A537994DBD1}.Debug|x64.ActiveCfg = Debug|Any CPU
		{4D1F82E8-B2BA-424D-BD11-6A537994DBD1}.Debug|x64.Build.0 = Debug|Any CPU
		{4D1F82E8-B2BA-424D-BD11-6A537994DBD1}.Debug|x86.ActiveCfg = Debug|Any CPU
		{4D1F82E8-B2BA-424D-BD11-6A537994DBD1}.Debug|x86.Build.0 = Debug|Any CPU
		{4D1F82E8-B2BA-424D-BD11-6A537994DBD1}.Release|Any CPU.ActiveCfg = Release|Any CPU
		{4D1F82E8-B2BA-424D-BD11-6A537994DBD1}.Release|Any CPU.Build.0 = Release|Any CPU
		{4D1F82E8-B2BA-424D-BD11-6A537994DBD1}.Release|x64.ActiveCfg = Release|Any CPU
		{4D1F82E8-B2BA-424D-BD11-6A537994DBD1}.Release|x64.Build.0 = Release|Any CPU
		{4D1F82E8-B2BA-424D-BD11-6A537994DBD1}.Release|x86.ActiveCfg = Release|Any CPU
		{4D1F82E8-B2BA-424D-BD11-6A537994DBD1}.Release|x86.Build.0 = Release|Any CPU
		{AC62CDA0-07E5-4FCB-A1C6-FACED0BBE979}.Debug|Any CPU.ActiveCfg = Debug|Any CPU
		{AC62CDA0-07E5-4FCB-A1C6-FACED0BBE979}.Debug|Any CPU.Build.0 = Debug|Any CPU
		{AC62CDA0-07E5-4FCB-A1C6-FACED0BBE979}.Debug|x64.ActiveCfg = Debug|Any CPU
		{AC62CDA0-07E5-4FCB-A1C6-FACED0BBE979}.Debug|x64.Build.0 = Debug|Any CPU
		{AC62CDA0-07E5-4FCB-A1C6-FACED0BBE979}.Debug|x86.ActiveCfg = Debug|Any CPU
		{AC62CDA0-07E5-4FCB-A1C6-FACED0BBE979}.Debug|x86.Build.0 = Debug|Any CPU
		{AC62CDA0-07E5-4FCB-A1C6-FACED0BBE979}.Release|Any CPU.ActiveCfg = Release|Any CPU
		{AC62CDA0-07E5-4FCB-A1C6-FACED0BBE979}.Release|Any CPU.Build.0 = Release|Any CPU
		{AC62CDA0-07E5-4FCB-A1C6-FACED0BBE979}.Release|x64.ActiveCfg = Release|Any CPU
		{AC62CDA0-07E5-4FCB-A1C6-FACED0BBE979}.Release|x64.Build.0 = Release|Any CPU
		{AC62CDA0-07E5-4FCB-A1C6-FACED0BBE979}.Release|x86.ActiveCfg = Release|Any CPU
		{AC62CDA0-07E5-4FCB-A1C6-FACED0BBE979}.Release|x86.Build.0 = Release|Any CPU
		{436D4730-D97D-4105-B4F7-A6C3E8E1B704}.Debug|Any CPU.ActiveCfg = Debug|Any CPU
		{436D4730-D97D-4105-B4F7-A6C3E8E1B704}.Debug|Any CPU.Build.0 = Debug|Any CPU
		{436D4730-D97D-4105-B4F7-A6C3E8E1B704}.Debug|x64.ActiveCfg = Debug|Any CPU
		{436D4730-D97D-4105-B4F7-A6C3E8E1B704}.Debug|x64.Build.0 = Debug|Any CPU
		{436D4730-D97D-4105-B4F7-A6C3E8E1B704}.Debug|x86.ActiveCfg = Debug|Any CPU
		{436D4730-D97D-4105-B4F7-A6C3E8E1B704}.Debug|x86.Build.0 = Debug|Any CPU
		{436D4730-D97D-4105-B4F7-A6C3E8E1B704}.Release|Any CPU.ActiveCfg = Release|Any CPU
		{436D4730-D97D-4105-B4F7-A6C3E8E1B704}.Release|Any CPU.Build.0 = Release|Any CPU
		{436D4730-D97D-4105-B4F7-A6C3E8E1B704}.Release|x64.ActiveCfg = Release|Any CPU
		{436D4730-D97D-4105-B4F7-A6C3E8E1B704}.Release|x64.Build.0 = Release|Any CPU
		{436D4730-D97D-4105-B4F7-A6C3E8E1B704}.Release|x86.ActiveCfg = Release|Any CPU
		{436D4730-D97D-4105-B4F7-A6C3E8E1B704}.Release|x86.Build.0 = Release|Any CPU
	EndGlobalSection
	GlobalSection(SolutionProperties) = preSolution
		HideSolutionNode = FALSE
	EndGlobalSection
	GlobalSection(ExtensibilityGlobals) = postSolution
		SolutionGuid = {F4918520-BDFD-448C-89FA-4A917AEB3BB4}
	EndGlobalSection
EndGlobal
